
Microsoft Visual Studio Solution File, Format Version 12.00
# Visual Studio Version 16
VisualStudioVersion = 16.0.30114.105
MinimumVisualStudioVersion = 10.0.40219.1
Project("{2150E333-8FDC-42A3-9474-1A3956D46DE8}") = "src", "src", "{0DB24213-F7B9-4E9B-9F76-EEF8112CD1B3}"
EndProject
Project("{2150E333-8FDC-42A3-9474-1A3956D46DE8}") = "tests", "tests", "{5BEB5E89-758D-45CA-9895-48B4AA3A7F9D}"
EndProject
Project("{FAE04EC0-301F-11D3-BF4B-00C04F79EFBC}") = "NoteManager.Domain", "src\NoteManager.Domain\NoteManager.Domain.csproj", "{6765AC28-516F-463C-849F-98D899D98C26}"
EndProject
Global
	GlobalSection(SolutionConfigurationPlatforms) = preSolution
		Debug|Any CPU = Debug|Any CPU
		Release|Any CPU = Release|Any CPU
	EndGlobalSection
	GlobalSection(SolutionProperties) = preSolution
		HideSolutionNode = FALSE
	EndGlobalSection
	GlobalSection(NestedProjects) = preSolution
		{6765AC28-516F-463C-849F-98D899D98C26} = {0DB24213-F7B9-4E9B-9F76-EEF8112CD1B3}
	EndGlobalSection
	GlobalSection(ProjectConfigurationPlatforms) = postSolution
		{6765AC28-516F-463C-849F-98D899D98C26}.Debug|Any CPU.ActiveCfg = Debug|Any CPU
		{6765AC28-516F-463C-849F-98D899D98C26}.Debug|Any CPU.Build.0 = Debug|Any CPU
		{6765AC28-516F-463C-849F-98D899D98C26}.Release|Any CPU.ActiveCfg = Release|Any CPU
		{6765AC28-516F-463C-849F-98D899D98C26}.Release|Any CPU.Build.0 = Release|Any CPU
	EndGlobalSection
EndGlobal
